
Microsoft Visual Studio Solution File, Format Version 12.00
# Visual Studio Version 17
VisualStudioVersion = 17.6.33815.320
MinimumVisualStudioVersion = 10.0.40219.1
Project("{FAE04EC0-301F-11D3-BF4B-00C04F79EFBC}") = "Course", "Course\Course.csproj", "{698017ED-BEA8-4281-A276-751F6C667DC8}"
EndProject
Global
	GlobalSection(SolutionConfigurationPlatforms) = preSolution
		Debug|Any CPU = Debug|Any CPU
		Release|Any CPU = Release|Any CPU
	EndGlobalSection
	GlobalSection(ProjectConfigurationPlatforms) = postSolution
		{698017ED-BEA8-4281-A276-751F6C667DC8}.Debug|Any CPU.ActiveCfg = Debug|Any CPU
		{698017ED-BEA8-4281-A276-751F6C667DC8}.Debug|Any CPU.Build.0 = Debug|Any CPU
		{698017ED-BEA8-4281-A276-751F6C667DC8}.Release|Any CPU.ActiveCfg = Release|Any CPU
		{698017ED-BEA8-4281-A276-751F6C667DC8}.Release|Any CPU.Build.0 = Release|Any CPU
	EndGlobalSection
	GlobalSection(SolutionProperties) = preSolution
		HideSolutionNode = FALSE
	EndGlobalSection
	GlobalSection(ExtensibilityGlobals) = postSolution
		SolutionGuid = {CB009A9F-4784-40F3-AF74-ED0FB47441B6}
	EndGlobalSection
EndGlobal
